{
  "name": "@alga-samples/client-portal-test",
  "lockfileVersion": 3,
  "requires": true,
  "packages": {
    "": {
      "name": "@alga-samples/client-portal-test",
      "dependencies": {
        "@alga-psa/extension-runtime": "^0.2.0"
      },
      "devDependencies": {
        "@alga-psa/cli": "^0.2.0"
      }
    },
    "node_modules/@alga-psa/cli": {
      "version": "0.2.0",
      "resolved": "https://registry.npmjs.org/@alga-psa/cli/-/cli-0.2.0.tgz",
      "integrity": "sha512-9sWViGT8Nn3nRG0hP8aI4GEZUmWbNTIkoM7RSwbIIhESmat6T2fyuDtHT1lbtUE+F5KyrgeR9im++LGwDlyJxg==",
      "dev": true,
      "dependencies": {
        "@alga-psa/client-sdk": "^0.2.0"
      },
      "bin": {
        "alga": "dist/cli.js"
      }
    },
    "node_modules/@alga-psa/client-sdk": {
      "version": "0.2.0",
      "resolved": "https://registry.npmjs.org/@alga-psa/client-sdk/-/client-sdk-0.2.0.tgz",
      "integrity": "sha512-Cs0SHyvP98nla13nbzRfadBpaySXjMjYXsrMV4DOlHduKEBge6pcUAJFXM5uY1kEC2Q3UthDbbf1C4ON4cnPHw==",
      "dev": true
    },
    "node_modules/@alga-psa/extension-runtime": {
      "version": "0.2.1",
      "resolved": "https://registry.npmjs.org/@alga-psa/extension-runtime/-/extension-runtime-0.2.1.tgz",
      "integrity": "sha512-kixDUQ3iR4LHWYFImFcvdmFanWcntL+wWmbc3ianguaePh9uASZpZkZCuTtfXaxqaQwkwukQDDCeiSU/PiV4gw=="
    }
  }
}
